
Microsoft Visual Studio Solution File, Format Version 12.00
# Visual Studio Version 17
VisualStudioVersion = 17.13.35806.99 d17.13
MinimumVisualStudioVersion = 10.0.40219.1
Project("{F2A71F9B-5D33-465A-A702-920D77279786}") = "StudentsMVC", "StudentsMVC\StudentsMVC.fsproj", "{FAC60A9F-5B69-4AE1-92A1-C2199E90ECD8}"
EndProject
Global
	GlobalSection(SolutionConfigurationPlatforms) = preSolution
		Debug|Any CPU = Debug|Any CPU
		Release|Any CPU = Release|Any CPU
	EndGlobalSection
	GlobalSection(ProjectConfigurationPlatforms) = postSolution
		{FAC60A9F-5B69-4AE1-92A1-C2199E90ECD8}.Debug|Any CPU.ActiveCfg = Debug|Any CPU
		{FAC60A9F-5B69-4AE1-92A1-C2199E90ECD8}.Debug|Any CPU.Build.0 = Debug|Any CPU
		{FAC60A9F-5B69-4AE1-92A1-C2199E90ECD8}.Release|Any CPU.ActiveCfg = Release|Any CPU
		{FAC60A9F-5B69-4AE1-92A1-C2199E90ECD8}.Release|Any CPU.Build.0 = Release|Any CPU
	EndGlobalSection
	GlobalSection(SolutionProperties) = preSolution
		HideSolutionNode = FALSE
	EndGlobalSection
	GlobalSection(ExtensibilityGlobals) = postSolution
		SolutionGuid = {E7607AB6-A411-49EE-BC2E-A2E2ED584791}
	EndGlobalSection
EndGlobal
